// !$*UTF8*$!
{
	archiveVersion = 1;
	classes = {
	};
	objectVersion = 55;
	objects = {

/* Begin PBXBuildFile section */
		0315075B27FEAB5D00C79C57 /* NNTabView.swift in Sources */ = {isa = PBXBuildFile; fileRef = 0315075A27FEAB5D00C79C57 /* NNTabView.swift */; };
		0315075D27FEAB6D00C79C57 /* NNMapView.swift in Sources */ = {isa = PBXBuildFile; fileRef = 0315075C27FEAB6D00C79C57 /* NNMapView.swift */; };
		0315075F27FEAB8000C79C57 /* NNBookMarkView.swift in Sources */ = {isa = PBXBuildFile; fileRef = 0315075E27FEAB8000C79C57 /* NNBookMarkView.swift */; };
		0315076127FEAB8A00C79C57 /* NNSettingView.swift in Sources */ = {isa = PBXBuildFile; fileRef = 0315076027FEAB8A00C79C57 /* NNSettingView.swift */; };
		0315076327FEAB9800C79C57 /* BaegUnLake.gpx in Resources */ = {isa = PBXBuildFile; fileRef = 0315076227FEAB9800C79C57 /* BaegUnLake.gpx */; };
		0315076527FEABBF00C79C57 /* CafeData.swift in Sources */ = {isa = PBXBuildFile; fileRef = 0315076427FEABBF00C79C57 /* CafeData.swift */; };
		0315076727FEABC600C79C57 /* TrkData.swift in Sources */ = {isa = PBXBuildFile; fileRef = 0315076627FEABC600C79C57 /* TrkData.swift */; };
		0315076927FEABDF00C79C57 /* Constants.swift in Sources */ = {isa = PBXBuildFile; fileRef = 0315076827FEABDF00C79C57 /* Constants.swift */; };
		0315076B27FEABE700C79C57 /* Extensions.swift in Sources */ = {isa = PBXBuildFile; fileRef = 0315076A27FEABE700C79C57 /* Extensions.swift */; };
		0315076D27FEABF100C79C57 /* GPXParser.swift in Sources */ = {isa = PBXBuildFile; fileRef = 0315076C27FEABF100C79C57 /* GPXParser.swift */; };
		0315076F27FEABFA00C79C57 /* ShapeUtils.swift in Sources */ = {isa = PBXBuildFile; fileRef = 0315076E27FEABFA00C79C57 /* ShapeUtils.swift */; };
		0315077127FEAC0400C79C57 /* DataBaseUtils.swift in Sources */ = {isa = PBXBuildFile; fileRef = 0315077027FEAC0400C79C57 /* DataBaseUtils.swift */; };
		038012C027FEC31900DFB28D /* PreViewDev.swift in Sources */ = {isa = PBXBuildFile; fileRef = 038012BF27FEC31900DFB28D /* PreViewDev.swift */; };
		6380A2198F256ED45E10F568 /* Pods_iNaviNear.framework in Frameworks */ = {isa = PBXBuildFile; fileRef = C6F557E24ABEAE05B0BB4268 /* Pods_iNaviNear.framework */; };
		A157003D27FA93BD00DE498F /* iNaviNearApp.swift in Sources */ = {isa = PBXBuildFile; fileRef = A157003C27FA93BD00DE498F /* iNaviNearApp.swift */; };
		A157003F27FA93BD00DE498F /* ContentView.swift in Sources */ = {isa = PBXBuildFile; fileRef = A157003E27FA93BD00DE498F /* ContentView.swift */; };
		A157004127FA93BF00DE498F /* Assets.xcassets in Resources */ = {isa = PBXBuildFile; fileRef = A157004027FA93BF00DE498F /* Assets.xcassets */; };
		A157004427FA93BF00DE498F /* Preview Assets.xcassets in Resources */ = {isa = PBXBuildFile; fileRef = A157004327FA93BF00DE498F /* Preview Assets.xcassets */; };
/* End PBXBuildFile section */

/* Begin PBXFileReference section */
		0315075A27FEAB5D00C79C57 /* NNTabView.swift */ = {isa = PBXFileReference; lastKnownFileType = sourcecode.swift; path = NNTabView.swift; sourceTree = "<group>"; };
		0315075C27FEAB6D00C79C57 /* NNMapView.swift */ = {isa = PBXFileReference; lastKnownFileType = sourcecode.swift; path = NNMapView.swift; sourceTree = "<group>"; };
		0315075E27FEAB8000C79C57 /* NNBookMarkView.swift */ = {isa = PBXFileReference; lastKnownFileType = sourcecode.swift; path = NNBookMarkView.swift; sourceTree = "<group>"; };
		0315076027FEAB8A00C79C57 /* NNSettingView.swift */ = {isa = PBXFileReference; lastKnownFileType = sourcecode.swift; path = NNSettingView.swift; sourceTree = "<group>"; };
		0315076227FEAB9800C79C57 /* BaegUnLake.gpx */ = {isa = PBXFileReference; fileEncoding = 4; lastKnownFileType = text.xml; path = BaegUnLake.gpx; sourceTree = "<group>"; };
		0315076427FEABBF00C79C57 /* CafeData.swift */ = {isa = PBXFileReference; lastKnownFileType = sourcecode.swift; path = CafeData.swift; sourceTree = "<group>"; };
		0315076627FEABC600C79C57 /* TrkData.swift */ = {isa = PBXFileReference; lastKnownFileType = sourcecode.swift; path = TrkData.swift; sourceTree = "<group>"; };
		0315076827FEABDF00C79C57 /* Constants.swift */ = {isa = PBXFileReference; lastKnownFileType = sourcecode.swift; path = Constants.swift; sourceTree = "<group>"; };
		0315076A27FEABE700C79C57 /* Extensions.swift */ = {isa = PBXFileReference; lastKnownFileType = sourcecode.swift; path = Extensions.swift; sourceTree = "<group>"; };
		0315076C27FEABF100C79C57 /* GPXParser.swift */ = {isa = PBXFileReference; lastKnownFileType = sourcecode.swift; path = GPXParser.swift; sourceTree = "<group>"; };
		0315076E27FEABFA00C79C57 /* ShapeUtils.swift */ = {isa = PBXFileReference; lastKnownFileType = sourcecode.swift; path = ShapeUtils.swift; sourceTree = "<group>"; };
		0315077027FEAC0400C79C57 /* DataBaseUtils.swift */ = {isa = PBXFileReference; lastKnownFileType = sourcecode.swift; path = DataBaseUtils.swift; sourceTree = "<group>"; };
		038012BF27FEC31900DFB28D /* PreViewDev.swift */ = {isa = PBXFileReference; fileEncoding = 4; lastKnownFileType = sourcecode.swift; path = PreViewDev.swift; sourceTree = "<group>"; };
		656074E3D65CADF7BB25020D /* Pods-iNaviNear.debug.xcconfig */ = {isa = PBXFileReference; includeInIndex = 1; lastKnownFileType = text.xcconfig; name = "Pods-iNaviNear.debug.xcconfig"; path = "Target Support Files/Pods-iNaviNear/Pods-iNaviNear.debug.xcconfig"; sourceTree = "<group>"; };
		A157003927FA93BD00DE498F /* iNaviNear.app */ = {isa = PBXFileReference; explicitFileType = wrapper.application; includeInIndex = 0; path = iNaviNear.app; sourceTree = BUILT_PRODUCTS_DIR; };
		A157003C27FA93BD00DE498F /* iNaviNearApp.swift */ = {isa = PBXFileReference; lastKnownFileType = sourcecode.swift; path = iNaviNearApp.swift; sourceTree = "<group>"; };
		A157003E27FA93BD00DE498F /* ContentView.swift */ = {isa = PBXFileReference; lastKnownFileType = sourcecode.swift; path = ContentView.swift; sourceTree = "<group>"; };
		A157004027FA93BF00DE498F /* Assets.xcassets */ = {isa = PBXFileReference; lastKnownFileType = folder.assetcatalog; path = Assets.xcassets; sourceTree = "<group>"; };
		A157004327FA93BF00DE498F /* Preview Assets.xcassets */ = {isa = PBXFileReference; lastKnownFileType = folder.assetcatalog; path = "Preview Assets.xcassets"; sourceTree = "<group>"; };
		B79B62F845690F0A011777C7 /* Pods-iNaviNear.release.xcconfig */ = {isa = PBXFileReference; includeInIndex = 1; lastKnownFileType = text.xcconfig; name = "Pods-iNaviNear.release.xcconfig"; path = "Target Support Files/Pods-iNaviNear/Pods-iNaviNear.release.xcconfig"; sourceTree = "<group>"; };
		C6F557E24ABEAE05B0BB4268 /* Pods_iNaviNear.framework */ = {isa = PBXFileReference; explicitFileType = wrapper.framework; includeInIndex = 0; path = Pods_iNaviNear.framework; sourceTree = BUILT_PRODUCTS_DIR; };
/* End PBXFileReference section */

/* Begin PBXFrameworksBuildPhase section */
		A157003627FA93BC00DE498F /* Frameworks */ = {
			isa = PBXFrameworksBuildPhase;
			buildActionMask = 2147483647;
			files = (
				6380A2198F256ED45E10F568 /* Pods_iNaviNear.framework in Frameworks */,
			);
			runOnlyForDeploymentPostprocessing = 0;
		};
/* End PBXFrameworksBuildPhase section */

/* Begin PBXGroup section */
		0315075427FEAB2400C79C57 /* Utils */ = {
			isa = PBXGroup;
			children = (
				0315076827FEABDF00C79C57 /* Constants.swift */,
				0315076A27FEABE700C79C57 /* Extensions.swift */,
				0315076C27FEABF100C79C57 /* GPXParser.swift */,
				0315076E27FEABFA00C79C57 /* ShapeUtils.swift */,
				0315077027FEAC0400C79C57 /* DataBaseUtils.swift */,
				038012BF27FEC31900DFB28D /* PreViewDev.swift */,
			);
			path = Utils;
			sourceTree = "<group>";
		};
		0315075527FEAB2900C79C57 /* Models */ = {
			isa = PBXGroup;
			children = (
				0315076427FEABBF00C79C57 /* CafeData.swift */,
				0315076627FEABC600C79C57 /* TrkData.swift */,
			);
			path = Models;
			sourceTree = "<group>";
		};
		0315075627FEAB3000C79C57 /* Files */ = {
			isa = PBXGroup;
			children = (
				0315076227FEAB9800C79C57 /* BaegUnLake.gpx */,
			);
			path = Files;
			sourceTree = "<group>";
		};
		0315075727FEAB3500C79C57 /* Components */ = {
			isa = PBXGroup;
			children = (
				0315075827FEAB4000C79C57 /* Buttons */,
			);
			path = Components;
			sourceTree = "<group>";
		};
		0315075827FEAB4000C79C57 /* Buttons */ = {
			isa = PBXGroup;
			children = (
			);
			path = Buttons;
			sourceTree = "<group>";
		};
		0315075927FEAB4500C79C57 /* CustomViews */ = {
			isa = PBXGroup;
			children = (
				0315075A27FEAB5D00C79C57 /* NNTabView.swift */,
				0315075C27FEAB6D00C79C57 /* NNMapView.swift */,
				0315075E27FEAB8000C79C57 /* NNBookMarkView.swift */,
				0315076027FEAB8A00C79C57 /* NNSettingView.swift */,
			);
			path = CustomViews;
			sourceTree = "<group>";
		};
		1273A39A3C9C37DB2C6F581C /* Pods */ = {
			isa = PBXGroup;
			children = (
				656074E3D65CADF7BB25020D /* Pods-iNaviNear.debug.xcconfig */,
				B79B62F845690F0A011777C7 /* Pods-iNaviNear.release.xcconfig */,
			);
			path = Pods;
			sourceTree = "<group>";
		};
		A157003027FA93BC00DE498F = {
			isa = PBXGroup;
			children = (
				A157003B27FA93BD00DE498F /* iNaviNear */,
				A157003A27FA93BD00DE498F /* Products */,
				1273A39A3C9C37DB2C6F581C /* Pods */,
				D3FE9702CA924EA510B9F817 /* Frameworks */,
			);
			sourceTree = "<group>";
		};
		A157003A27FA93BD00DE498F /* Products */ = {
			isa = PBXGroup;
			children = (
				A157003927FA93BD00DE498F /* iNaviNear.app */,
			);
			name = Products;
			sourceTree = "<group>";
		};
		A157003B27FA93BD00DE498F /* iNaviNear */ = {
			isa = PBXGroup;
			children = (
				0315075927FEAB4500C79C57 /* CustomViews */,
				0315075727FEAB3500C79C57 /* Components */,
				0315075627FEAB3000C79C57 /* Files */,
				0315075527FEAB2900C79C57 /* Models */,
				0315075427FEAB2400C79C57 /* Utils */,
				A157003C27FA93BD00DE498F /* iNaviNearApp.swift */,
				A157003E27FA93BD00DE498F /* ContentView.swift */,
				A157004027FA93BF00DE498F /* Assets.xcassets */,
				A157004227FA93BF00DE498F /* Preview Content */,
			);
			path = iNaviNear;
			sourceTree = "<group>";
		};
		A157004227FA93BF00DE498F /* Preview Content */ = {
			isa = PBXGroup;
			children = (
				A157004327FA93BF00DE498F /* Preview Assets.xcassets */,
			);
			path = "Preview Content";
			sourceTree = "<group>";
		};
		D3FE9702CA924EA510B9F817 /* Frameworks */ = {
			isa = PBXGroup;
			children = (
				C6F557E24ABEAE05B0BB4268 /* Pods_iNaviNear.framework */,
			);
			name = Frameworks;
			sourceTree = "<group>";
		};
/* End PBXGroup section */

/* Begin PBXNativeTarget section */
		A157003827FA93BC00DE498F /* iNaviNear */ = {
			isa = PBXNativeTarget;
			buildConfigurationList = A157004727FA93BF00DE498F /* Build configuration list for PBXNativeTarget "iNaviNear" */;
			buildPhases = (
				1ED38E87843237E5BBAAEAEC /* [CP] Check Pods Manifest.lock */,
				A157003527FA93BC00DE498F /* Sources */,
				A157003627FA93BC00DE498F /* Frameworks */,
				A157003727FA93BC00DE498F /* Resources */,
				20E7A71E4E9E9B985D2EE1BA /* [CP] Embed Pods Frameworks */,
			);
			buildRules = (
			);
			dependencies = (
			);
			name = iNaviNear;
			productName = iNaviNear;
			productReference = A157003927FA93BD00DE498F /* iNaviNear.app */;
			productType = "com.apple.product-type.application";
		};
/* End PBXNativeTarget section */

/* Begin PBXProject section */
		A157003127FA93BC00DE498F /* Project object */ = {
			isa = PBXProject;
			attributes = {
				BuildIndependentTargetsInParallel = 1;
				LastSwiftUpdateCheck = 1330;
				LastUpgradeCheck = 1330;
				TargetAttributes = {
					A157003827FA93BC00DE498F = {
						CreatedOnToolsVersion = 13.3;
					};
				};
			};
			buildConfigurationList = A157003427FA93BC00DE498F /* Build configuration list for PBXProject "iNaviNear" */;
			compatibilityVersion = "Xcode 13.0";
			developmentRegion = en;
			hasScannedForEncodings = 0;
			knownRegions = (
				en,
				Base,
			);
			mainGroup = A157003027FA93BC00DE498F;
			productRefGroup = A157003A27FA93BD00DE498F /* Products */;
			projectDirPath = "";
			projectRoot = "";
			targets = (
				A157003827FA93BC00DE498F /* iNaviNear */,
			);
		};
/* End PBXProject section */

/* Begin PBXResourcesBuildPhase section */
		A157003727FA93BC00DE498F /* Resources */ = {
			isa = PBXResourcesBuildPhase;
			buildActionMask = 2147483647;
			files = (
				0315076327FEAB9800C79C57 /* BaegUnLake.gpx in Resources */,
				A157004427FA93BF00DE498F /* Preview Assets.xcassets in Resources */,
				A157004127FA93BF00DE498F /* Assets.xcassets in Resources */,
			);
			runOnlyForDeploymentPostprocessing = 0;
		};
/* End PBXResourcesBuildPhase section */

/* Begin PBXShellScriptBuildPhase section */
		1ED38E87843237E5BBAAEAEC /* [CP] Check Pods Manifest.lock */ = {
			isa = PBXShellScriptBuildPhase;
			buildActionMask = 2147483647;
			files = (
			);
			inputFileListPaths = (
			);
			inputPaths = (
				"${PODS_PODFILE_DIR_PATH}/Podfile.lock",
				"${PODS_ROOT}/Manifest.lock",
			);
			name = "[CP] Check Pods Manifest.lock";
			outputFileListPaths = (
			);
			outputPaths = (
				"$(DERIVED_FILE_DIR)/Pods-iNaviNear-checkManifestLockResult.txt",
			);
			runOnlyForDeploymentPostprocessing = 0;
			shellPath = /bin/sh;
			shellScript = "diff \"${PODS_PODFILE_DIR_PATH}/Podfile.lock\" \"${PODS_ROOT}/Manifest.lock\" > /dev/null\nif [ $? != 0 ] ; then\n    # print error to STDERR\n    echo \"error: The sandbox is not in sync with the Podfile.lock. Run 'pod install' or update your CocoaPods installation.\" >&2\n    exit 1\nfi\n# This output is used by Xcode 'outputs' to avoid re-running this script phase.\necho \"SUCCESS\" > \"${SCRIPT_OUTPUT_FILE_0}\"\n";
			showEnvVarsInLog = 0;
		};
		20E7A71E4E9E9B985D2EE1BA /* [CP] Embed Pods Frameworks */ = {
			isa = PBXShellScriptBuildPhase;
			buildActionMask = 2147483647;
			files = (
			);
			inputFileListPaths = (
				"${PODS_ROOT}/Target Support Files/Pods-iNaviNear/Pods-iNaviNear-frameworks-${CONFIGURATION}-input-files.xcfilelist",
			);
			name = "[CP] Embed Pods Frameworks";
			outputFileListPaths = (
				"${PODS_ROOT}/Target Support Files/Pods-iNaviNear/Pods-iNaviNear-frameworks-${CONFIGURATION}-output-files.xcfilelist",
			);
			runOnlyForDeploymentPostprocessing = 0;
			shellPath = /bin/sh;
			shellScript = "\"${PODS_ROOT}/Target Support Files/Pods-iNaviNear/Pods-iNaviNear-frameworks.sh\"\n";
			showEnvVarsInLog = 0;
		};
/* End PBXShellScriptBuildPhase section */

/* Begin PBXSourcesBuildPhase section */
		A157003527FA93BC00DE498F /* Sources */ = {
			isa = PBXSourcesBuildPhase;
			buildActionMask = 2147483647;
			files = (
				0315075B27FEAB5D00C79C57 /* NNTabView.swift in Sources */,
				0315075F27FEAB8000C79C57 /* NNBookMarkView.swift in Sources */,
				A157003F27FA93BD00DE498F /* ContentView.swift in Sources */,
				0315076727FEABC600C79C57 /* TrkData.swift in Sources */,
				0315077127FEAC0400C79C57 /* DataBaseUtils.swift in Sources */,
				0315076127FEAB8A00C79C57 /* NNSettingView.swift in Sources */,
				0315076F27FEABFA00C79C57 /* ShapeUtils.swift in Sources */,
				0315076B27FEABE700C79C57 /* Extensions.swift in Sources */,
				038012C027FEC31900DFB28D /* PreViewDev.swift in Sources */,
				A157003D27FA93BD00DE498F /* iNaviNearApp.swift in Sources */,
				0315076527FEABBF00C79C57 /* CafeData.swift in Sources */,
				0315075D27FEAB6D00C79C57 /* NNMapView.swift in Sources */,
				0315076927FEABDF00C79C57 /* Constants.swift in Sources */,
				0315076D27FEABF100C79C57 /* GPXParser.swift in Sources */,
			);
			runOnlyForDeploymentPostprocessing = 0;
		};
/* End PBXSourcesBuildPhase section */

/* Begin XCBuildConfiguration section */
		A157004527FA93BF00DE498F /* Debug */ = {
			isa = XCBuildConfiguration;
			buildSettings = {
				ALWAYS_SEARCH_USER_PATHS = NO;
				CLANG_ANALYZER_NONNULL = YES;
				CLANG_ANALYZER_NUMBER_OBJECT_CONVERSION = YES_AGGRESSIVE;
				CLANG_CXX_LANGUAGE_STANDARD = "gnu++17";
				CLANG_ENABLE_MODULES = YES;
				CLANG_ENABLE_OBJC_ARC = YES;
				CLANG_ENABLE_OBJC_WEAK = YES;
				CLANG_WARN_BLOCK_CAPTURE_AUTORELEASING = YES;
				CLANG_WARN_BOOL_CONVERSION = YES;
				CLANG_WARN_COMMA = YES;
				CLANG_WARN_CONSTANT_CONVERSION = YES;
				CLANG_WARN_DEPRECATED_OBJC_IMPLEMENTATIONS = YES;
				CLANG_WARN_DIRECT_OBJC_ISA_USAGE = YES_ERROR;
				CLANG_WARN_DOCUMENTATION_COMMENTS = YES;
				CLANG_WARN_EMPTY_BODY = YES;
				CLANG_WARN_ENUM_CONVERSION = YES;
				CLANG_WARN_INFINITE_RECURSION = YES;
				CLANG_WARN_INT_CONVERSION = YES;
				CLANG_WARN_NON_LITERAL_NULL_CONVERSION = YES;
				CLANG_WARN_OBJC_IMPLICIT_RETAIN_SELF = YES;
				CLANG_WARN_OBJC_LITERAL_CONVERSION = YES;
				CLANG_WARN_OBJC_ROOT_CLASS = YES_ERROR;
				CLANG_WARN_QUOTED_INCLUDE_IN_FRAMEWORK_HEADER = YES;
				CLANG_WARN_RANGE_LOOP_ANALYSIS = YES;
				CLANG_WARN_STRICT_PROTOTYPES = YES;
				CLANG_WARN_SUSPICIOUS_MOVE = YES;
				CLANG_WARN_UNGUARDED_AVAILABILITY = YES_AGGRESSIVE;
				CLANG_WARN_UNREACHABLE_CODE = YES;
				CLANG_WARN__DUPLICATE_METHOD_MATCH = YES;
				COPY_PHASE_STRIP = NO;
				DEBUG_INFORMATION_FORMAT = dwarf;
				ENABLE_STRICT_OBJC_MSGSEND = YES;
				ENABLE_TESTABILITY = YES;
				GCC_C_LANGUAGE_STANDARD = gnu11;
				GCC_DYNAMIC_NO_PIC = NO;
				GCC_NO_COMMON_BLOCKS = YES;
				GCC_OPTIMIZATION_LEVEL = 0;
				GCC_PREPROCESSOR_DEFINITIONS = (
					"DEBUG=1",
					"$(inherited)",
				);
				GCC_WARN_64_TO_32_BIT_CONVERSION = YES;
				GCC_WARN_ABOUT_RETURN_TYPE = YES_ERROR;
				GCC_WARN_UNDECLARED_SELECTOR = YES;
				GCC_WARN_UNINITIALIZED_AUTOS = YES_AGGRESSIVE;
				GCC_WARN_UNUSED_FUNCTION = YES;
				GCC_WARN_UNUSED_VARIABLE = YES;
				IPHONEOS_DEPLOYMENT_TARGET = 14.0;
				MTL_ENABLE_DEBUG_INFO = INCLUDE_SOURCE;
				MTL_FAST_MATH = YES;
				ONLY_ACTIVE_ARCH = YES;
				SDKROOT = iphoneos;
				SWIFT_ACTIVE_COMPILATION_CONDITIONS = DEBUG;
				SWIFT_OPTIMIZATION_LEVEL = "-Onone";
			};
			name = Debug;
		};
		A157004627FA93BF00DE498F /* Release */ = {
			isa = XCBuildConfiguration;
			buildSettings = {
				ALWAYS_SEARCH_USER_PATHS = NO;
				CLANG_ANALYZER_NONNULL = YES;
				CLANG_ANALYZER_NUMBER_OBJECT_CONVERSION = YES_AGGRESSIVE;
				CLANG_CXX_LANGUAGE_STANDARD = "gnu++17";
				CLANG_ENABLE_MODULES = YES;
				CLANG_ENABLE_OBJC_ARC = YES;
				CLANG_ENABLE_OBJC_WEAK = YES;
				CLANG_WARN_BLOCK_CAPTURE_AUTORELEASING = YES;
				CLANG_WARN_BOOL_CONVERSION = YES;
				CLANG_WARN_COMMA = YES;
				CLANG_WARN_CONSTANT_CONVERSION = YES;
				CLANG_WARN_DEPRECATED_OBJC_IMPLEMENTATIONS = YES;
				CLANG_WARN_DIRECT_OBJC_ISA_USAGE = YES_ERROR;
				CLANG_WARN_DOCUMENTATION_COMMENTS = YES;
				CLANG_WARN_EMPTY_BODY = YES;
				CLANG_WARN_ENUM_CONVERSION = YES;
				CLANG_WARN_INFINITE_RECURSION = YES;
				CLANG_WARN_INT_CONVERSION = YES;
				CLANG_WARN_NON_LITERAL_NULL_CONVERSION = YES;
				CLANG_WARN_OBJC_IMPLICIT_RETAIN_SELF = YES;
				CLANG_WARN_OBJC_LITERAL_CONVERSION = YES;
				CLANG_WARN_OBJC_ROOT_CLASS = YES_ERROR;
				CLANG_WARN_QUOTED_INCLUDE_IN_FRAMEWORK_HEADER = YES;
				CLANG_WARN_RANGE_LOOP_ANALYSIS = YES;
				CLANG_WARN_STRICT_PROTOTYPES = YES;
				CLANG_WARN_SUSPICIOUS_MOVE = YES;
				CLANG_WARN_UNGUARDED_AVAILABILITY = YES_AGGRESSIVE;
				CLANG_WARN_UNREACHABLE_CODE = YES;
				CLANG_WARN__DUPLICATE_METHOD_MATCH = YES;
				COPY_PHASE_STRIP = NO;
				DEBUG_INFORMATION_FORMAT = "dwarf-with-dsym";
				ENABLE_NS_ASSERTIONS = NO;
				ENABLE_STRICT_OBJC_MSGSEND = YES;
				GCC_C_LANGUAGE_STANDARD = gnu11;
				GCC_NO_COMMON_BLOCKS = YES;
				GCC_WARN_64_TO_32_BIT_CONVERSION = YES;
				GCC_WARN_ABOUT_RETURN_TYPE = YES_ERROR;
				GCC_WARN_UNDECLARED_SELECTOR = YES;
				GCC_WARN_UNINITIALIZED_AUTOS = YES_AGGRESSIVE;
				GCC_WARN_UNUSED_FUNCTION = YES;
				GCC_WARN_UNUSED_VARIABLE = YES;
				IPHONEOS_DEPLOYMENT_TARGET = 14.0;
				MTL_ENABLE_DEBUG_INFO = NO;
				MTL_FAST_MATH = YES;
				SDKROOT = iphoneos;
				SWIFT_COMPILATION_MODE = wholemodule;
				SWIFT_OPTIMIZATION_LEVEL = "-O";
				VALIDATE_PRODUCT = YES;
			};
			name = Release;
		};
		A157004827FA93BF00DE498F /* Debug */ = {
			isa = XCBuildConfiguration;
			baseConfigurationReference = 656074E3D65CADF7BB25020D /* Pods-iNaviNear.debug.xcconfig */;
			buildSettings = {
				ASSETCATALOG_COMPILER_APPICON_NAME = AppIcon;
				ASSETCATALOG_COMPILER_GLOBAL_ACCENT_COLOR_NAME = AccentColor;
				CODE_SIGN_STYLE = Automatic;
				CURRENT_PROJECT_VERSION = 1;
				DEVELOPMENT_ASSET_PATHS = "\"iNaviNear/Preview Content\"";
				DEVELOPMENT_TEAM = 2Z9N6W59ZG;
				ENABLE_PREVIEWS = YES;
				GENERATE_INFOPLIST_FILE = YES;
				INFOPLIST_KEY_UIApplicationSceneManifest_Generation = YES;
				INFOPLIST_KEY_UIApplicationSupportsIndirectInputEvents = YES;
				INFOPLIST_KEY_UILaunchScreen_Generation = YES;
				INFOPLIST_KEY_UISupportedInterfaceOrientations_iPad = "UIInterfaceOrientationPortrait UIInterfaceOrientationPortraitUpsideDown UIInterfaceOrientationLandscapeLeft UIInterfaceOrientationLandscapeRight";
				INFOPLIST_KEY_UISupportedInterfaceOrientations_iPhone = "UIInterfaceOrientationPortrait UIInterfaceOrientationLandscapeLeft UIInterfaceOrientationLandscapeRight";
				IPHONEOS_DEPLOYMENT_TARGET = 14.0;
				LD_RUNPATH_SEARCH_PATHS = (
					"$(inherited)",
					"@executable_path/Frameworks",
				);
				MARKETING_VERSION = 1.0;
				PRODUCT_BUNDLE_IDENTIFIER = Mies.iNaviNear;
				PRODUCT_NAME = "$(TARGET_NAME)";
				SWIFT_EMIT_LOC_STRINGS = YES;
				SWIFT_VERSION = 5.0;
				TARGETED_DEVICE_FAMILY = "1,2";
			};
			name = Debug;
		};
		A157004927FA93BF00DE498F /* Release */ = {
			isa = XCBuildConfiguration;
			baseConfigurationReference = B79B62F845690F0A011777C7 /* Pods-iNaviNear.release.xcconfig */;
			buildSettings = {
				ASSETCATALOG_COMPILER_APPICON_NAME = AppIcon;
				ASSETCATALOG_COMPILER_GLOBAL_ACCENT_COLOR_NAME = AccentColor;
				CODE_SIGN_STYLE = Automatic;
				CURRENT_PROJECT_VERSION = 1;
				DEVELOPMENT_ASSET_PATHS = "\"iNaviNear/Preview Content\"";
				DEVELOPMENT_TEAM = 2Z9N6W59ZG;
				ENABLE_PREVIEWS = YES;
				GENERATE_INFOPLIST_FILE = YES;
				INFOPLIST_KEY_UIApplicationSceneManifest_Generation = YES;
				INFOPLIST_KEY_UIApplicationSupportsIndirectInputEvents = YES;
				INFOPLIST_KEY_UILaunchScreen_Generation = YES;
				INFOPLIST_KEY_UISupportedInterfaceOrientations_iPad = "UIInterfaceOrientationPortrait UIInterfaceOrientationPortraitUpsideDown UIInterfaceOrientationLandscapeLeft UIInterfaceOrientationLandscapeRight";
				INFOPLIST_KEY_UISupportedInterfaceOrientations_iPhone = "UIInterfaceOrientationPortrait UIInterfaceOrientationLandscapeLeft UIInterfaceOrientationLandscapeRight";
				IPHONEOS_DEPLOYMENT_TARGET = 14.0;
				LD_RUNPATH_SEARCH_PATHS = (
					"$(inherited)",
					"@executable_path/Frameworks",
				);
				MARKETING_VERSION = 1.0;
				PRODUCT_BUNDLE_IDENTIFIER = Mies.iNaviNear;
				PRODUCT_NAME = "$(TARGET_NAME)";
				SWIFT_EMIT_LOC_STRINGS = YES;
				SWIFT_VERSION = 5.0;
				TARGETED_DEVICE_FAMILY = "1,2";
			};
			name = Release;
		};
/* End XCBuildConfiguration section */

/* Begin XCConfigurationList section */
		A157003427FA93BC00DE498F /* Build configuration list for PBXProject "iNaviNear" */ = {
			isa = XCConfigurationList;
			buildConfigurations = (
				A157004527FA93BF00DE498F /* Debug */,
				A157004627FA93BF00DE498F /* Release */,
			);
			defaultConfigurationIsVisible = 0;
			defaultConfigurationName = Release;
		};
		A157004727FA93BF00DE498F /* Build configuration list for PBXNativeTarget "iNaviNear" */ = {
			isa = XCConfigurationList;
			buildConfigurations = (
				A157004827FA93BF00DE498F /* Debug */,
				A157004927FA93BF00DE498F /* Release */,
			);
			defaultConfigurationIsVisible = 0;
			defaultConfigurationName = Release;
		};
/* End XCConfigurationList section */
	};
	rootObject = A157003127FA93BC00DE498F /* Project object */;
}
